
Microsoft Visual Studio Solution File, Format Version 12.00
# Visual Studio Version 17
VisualStudioVersion = 17.2.32630.192
MinimumVisualStudioVersion = 10.0.40219.1
Project("{9A19103F-16F7-4668-BE54-9A1E7A4F7556}") = "shokhov_shop", "shokhov_shop\shokhov_shop.csproj", "{D6064820-E786-48FF-A59B-2897C3D54C5B}"
EndProject
Global
	GlobalSection(SolutionConfigurationPlatforms) = preSolution
		Debug|Any CPU = Debug|Any CPU
		Release|Any CPU = Release|Any CPU
	EndGlobalSection
	GlobalSection(ProjectConfigurationPlatforms) = postSolution
		{D6064820-E786-48FF-A59B-2897C3D54C5B}.Debug|Any CPU.ActiveCfg = Debug|Any CPU
		{D6064820-E786-48FF-A59B-2897C3D54C5B}.Debug|Any CPU.Build.0 = Debug|Any CPU
		{D6064820-E786-48FF-A59B-2897C3D54C5B}.Release|Any CPU.ActiveCfg = Release|Any CPU
		{D6064820-E786-48FF-A59B-2897C3D54C5B}.Release|Any CPU.Build.0 = Release|Any CPU
	EndGlobalSection
	GlobalSection(SolutionProperties) = preSolution
		HideSolutionNode = FALSE
	EndGlobalSection
	GlobalSection(ExtensibilityGlobals) = postSolution
		SolutionGuid = {401C97D4-91B8-46AB-B6C8-9017519E4C73}
	EndGlobalSection
EndGlobal
